
Microsoft Visual Studio Solution File, Format Version 11.00
# Visual Studio 2010
Project("{FAE04EC0-301F-11D3-BF4B-00C04F79EFBC}") = "Xmdsp", "Xmdsp\Xmdsp.csproj", "{A1DD7831-E3D8-4573-A150-C78FECC1B68E}"
EndProject
Project("{FAE04EC0-301F-11D3-BF4B-00C04F79EFBC}") = "Commons.Music.Midi", "external\managed-midi\Commons.Music.Midi\Commons.Music.Midi.csproj", "{2A0A4AA1-D455-48B4-ABD0-07217568264E}"
EndProject
Project("{FAE04EC0-301F-11D3-BF4B-00C04F79EFBC}") = "Commons.Music.Midi.Desktop", "external\managed-midi\Commons.Music.Midi.Desktop\Commons.Music.Midi.Desktop.csproj", "{59EEFB0D-3957-43FC-8272-C3B460F7FF84}"
EndProject
Global
	GlobalSection(SolutionConfigurationPlatforms) = preSolution
		Debug|Any CPU = Debug|Any CPU
		Release|Any CPU = Release|Any CPU
		DebugWin|Any CPU = DebugWin|Any CPU
	EndGlobalSection
	GlobalSection(ProjectConfigurationPlatforms) = postSolution
		{A1DD7831-E3D8-4573-A150-C78FECC1B68E}.Debug|Any CPU.ActiveCfg = Debug|Any CPU
		{A1DD7831-E3D8-4573-A150-C78FECC1B68E}.Debug|Any CPU.Build.0 = Debug|Any CPU
		{A1DD7831-E3D8-4573-A150-C78FECC1B68E}.Release|Any CPU.ActiveCfg = Release|Any CPU
		{A1DD7831-E3D8-4573-A150-C78FECC1B68E}.Release|Any CPU.Build.0 = Release|Any CPU
		{A1DD7831-E3D8-4573-A150-C78FECC1B68E}.DebugWin|Any CPU.ActiveCfg = DebugWin|Any CPU
		{A1DD7831-E3D8-4573-A150-C78FECC1B68E}.DebugWin|Any CPU.Build.0 = DebugWin|Any CPU
		{2A0A4AA1-D455-48B4-ABD0-07217568264E}.Debug|Any CPU.ActiveCfg = Debug|Any CPU
		{2A0A4AA1-D455-48B4-ABD0-07217568264E}.Debug|Any CPU.Build.0 = Debug|Any CPU
		{2A0A4AA1-D455-48B4-ABD0-07217568264E}.Release|Any CPU.ActiveCfg = Release|Any CPU
		{2A0A4AA1-D455-48B4-ABD0-07217568264E}.Release|Any CPU.Build.0 = Release|Any CPU
		{2A0A4AA1-D455-48B4-ABD0-07217568264E}.DebugWin|Any CPU.ActiveCfg = Debug|Any CPU
		{2A0A4AA1-D455-48B4-ABD0-07217568264E}.DebugWin|Any CPU.Build.0 = Debug|Any CPU
		{59EEFB0D-3957-43FC-8272-C3B460F7FF84}.Debug|Any CPU.ActiveCfg = Debug|Any CPU
		{59EEFB0D-3957-43FC-8272-C3B460F7FF84}.Debug|Any CPU.Build.0 = Debug|Any CPU
		{59EEFB0D-3957-43FC-8272-C3B460F7FF84}.Release|Any CPU.ActiveCfg = Release|Any CPU
		{59EEFB0D-3957-43FC-8272-C3B460F7FF84}.Release|Any CPU.Build.0 = Release|Any CPU
		{59EEFB0D-3957-43FC-8272-C3B460F7FF84}.DebugWin|Any CPU.ActiveCfg = Debug|Any CPU
		{59EEFB0D-3957-43FC-8272-C3B460F7FF84}.DebugWin|Any CPU.Build.0 = Debug|Any CPU
	EndGlobalSection
	GlobalSection(MonoDevelopProperties) = preSolution
		StartupItem = Xmdsp\Xmdsp.csproj
	EndGlobalSection
EndGlobal
