
Microsoft Visual Studio Solution File, Format Version 11.00
# Visual Studio 2010
Project("{FAE04EC0-301F-11D3-BF4B-00C04F79EFBC}") = "Xmdsp.Desktop", "Xmdsp\Xmdsp.Desktop.csproj", "{A1DD7831-E3D8-4573-A150-C78FECC1B68E}"
EndProject
Project("{FAE04EC0-301F-11D3-BF4B-00C04F79EFBC}") = "Commons.Music.Midi.Desktop", "external\managed-midi\Commons.Music.Midi.Desktop\Commons.Music.Midi.Desktop.csproj", "{59EEFB0D-3957-43FC-8272-C3B460F7FF84}"
EndProject
Project("{D954291E-2A0B-460D-934E-DC6B0785DB48}") = "Commons.Music.Midi.Shared", "external\managed-midi\Commons.Music.Midi.Shared\Commons.Music.Midi.Shared.shproj", "{8742663D-9BB6-43D5-887D-0668E550652F}"
EndProject
Project("{D954291E-2A0B-460D-934E-DC6B0785DB48}") = "Xmdsp.Shared", "Xmdsp.Shared\Xmdsp.Shared.shproj", "{2571D4BC-FC34-4A91-B3BA-B76E58AA6EE7}"
EndProject
Project("{FAE04EC0-301F-11D3-BF4B-00C04F79EFBC}") = "Xmdsp.XamMac", "Xmdsp.XamMac\Xmdsp.XamMac.csproj", "{EDAF788E-A690-4496-8D6E-FF35D13CB5D4}"
EndProject
Project("{FAE04EC0-301F-11D3-BF4B-00C04F79EFBC}") = "Commons.Music.Midi.CoreMidi", "external\managed-midi\Commons.Music.Midi.CoreMidi\Commons.Music.Midi.CoreMidi.csproj", "{8D8311AF-0FC7-4BBF-842B-79CC0313FAAE}"
EndProject
Project("{D954291E-2A0B-460D-934E-DC6B0785DB48}") = "Xmdsp.Xwt", "Xmdsp.Xwt\Xmdsp.Xwt.shproj", "{A041A841-2DB4-4674-B951-47E72A88B1AD}"
EndProject
Project("{FAE04EC0-301F-11D3-BF4B-00C04F79EFBC}") = "Xmdsp.XamarinForms.Droid", "Xmdsp.XamarinForms\Droid\Xmdsp.XamarinForms.Droid.csproj", "{F524DA35-78FF-45B3-B581-4AE60148CD0B}"
EndProject
Project("{D954291E-2A0B-460D-934E-DC6B0785DB48}") = "Xmdsp.XamarinForms.Shared", "Xmdsp.XamarinForms.Shared\Xmdsp.XamarinForms.Shared.shproj", "{BB4BCBA0-27C7-4C31-8BAD-669A46993289}"
EndProject
Project("{FAE04EC0-301F-11D3-BF4B-00C04F79EFBC}") = "Commons.Music.Midi.Android", "external\managed-midi\Commons.Music.Midi.Android\Commons.Music.Midi.Android.csproj", "{8C6AF32A-3692-43B3-A907-9395564DB067}"
EndProject
Global
	GlobalSection(SolutionConfigurationPlatforms) = preSolution
		Debug|Any CPU = Debug|Any CPU
		Release|Any CPU = Release|Any CPU
		DebugWin|Any CPU = DebugWin|Any CPU
	EndGlobalSection
	GlobalSection(ProjectConfigurationPlatforms) = postSolution
		{A1DD7831-E3D8-4573-A150-C78FECC1B68E}.Debug|Any CPU.ActiveCfg = Debug|Any CPU
		{A1DD7831-E3D8-4573-A150-C78FECC1B68E}.Debug|Any CPU.Build.0 = Debug|Any CPU
		{A1DD7831-E3D8-4573-A150-C78FECC1B68E}.Release|Any CPU.ActiveCfg = Release|Any CPU
		{A1DD7831-E3D8-4573-A150-C78FECC1B68E}.Release|Any CPU.Build.0 = Release|Any CPU
		{A1DD7831-E3D8-4573-A150-C78FECC1B68E}.DebugWin|Any CPU.ActiveCfg = DebugWin|Any CPU
		{A1DD7831-E3D8-4573-A150-C78FECC1B68E}.DebugWin|Any CPU.Build.0 = DebugWin|Any CPU
		{59EEFB0D-3957-43FC-8272-C3B460F7FF84}.Debug|Any CPU.ActiveCfg = Debug|Any CPU
		{59EEFB0D-3957-43FC-8272-C3B460F7FF84}.Debug|Any CPU.Build.0 = Debug|Any CPU
		{59EEFB0D-3957-43FC-8272-C3B460F7FF84}.Release|Any CPU.ActiveCfg = Release|Any CPU
		{59EEFB0D-3957-43FC-8272-C3B460F7FF84}.Release|Any CPU.Build.0 = Release|Any CPU
		{59EEFB0D-3957-43FC-8272-C3B460F7FF84}.DebugWin|Any CPU.ActiveCfg = Debug|Any CPU
		{59EEFB0D-3957-43FC-8272-C3B460F7FF84}.DebugWin|Any CPU.Build.0 = Debug|Any CPU
		{EDAF788E-A690-4496-8D6E-FF35D13CB5D4}.Debug|Any CPU.ActiveCfg = Debug|Any CPU
		{EDAF788E-A690-4496-8D6E-FF35D13CB5D4}.Debug|Any CPU.Build.0 = Debug|Any CPU
		{EDAF788E-A690-4496-8D6E-FF35D13CB5D4}.Release|Any CPU.ActiveCfg = Release|Any CPU
		{EDAF788E-A690-4496-8D6E-FF35D13CB5D4}.Release|Any CPU.Build.0 = Release|Any CPU
		{EDAF788E-A690-4496-8D6E-FF35D13CB5D4}.DebugWin|Any CPU.ActiveCfg = Debug|Any CPU
		{EDAF788E-A690-4496-8D6E-FF35D13CB5D4}.DebugWin|Any CPU.Build.0 = Debug|Any CPU
		{8D8311AF-0FC7-4BBF-842B-79CC0313FAAE}.Debug|Any CPU.ActiveCfg = Debug|Any CPU
		{8D8311AF-0FC7-4BBF-842B-79CC0313FAAE}.Debug|Any CPU.Build.0 = Debug|Any CPU
		{8D8311AF-0FC7-4BBF-842B-79CC0313FAAE}.Release|Any CPU.ActiveCfg = Release|Any CPU
		{8D8311AF-0FC7-4BBF-842B-79CC0313FAAE}.Release|Any CPU.Build.0 = Release|Any CPU
		{8D8311AF-0FC7-4BBF-842B-79CC0313FAAE}.DebugWin|Any CPU.ActiveCfg = Debug|Any CPU
		{8D8311AF-0FC7-4BBF-842B-79CC0313FAAE}.DebugWin|Any CPU.Build.0 = Debug|Any CPU
		{F524DA35-78FF-45B3-B581-4AE60148CD0B}.Debug|Any CPU.ActiveCfg = Debug|Any CPU
		{F524DA35-78FF-45B3-B581-4AE60148CD0B}.Debug|Any CPU.Build.0 = Debug|Any CPU
		{F524DA35-78FF-45B3-B581-4AE60148CD0B}.Release|Any CPU.ActiveCfg = Release|Any CPU
		{F524DA35-78FF-45B3-B581-4AE60148CD0B}.Release|Any CPU.Build.0 = Release|Any CPU
		{F524DA35-78FF-45B3-B581-4AE60148CD0B}.DebugWin|Any CPU.ActiveCfg = Debug|Any CPU
		{F524DA35-78FF-45B3-B581-4AE60148CD0B}.DebugWin|Any CPU.Build.0 = Debug|Any CPU
		{8C6AF32A-3692-43B3-A907-9395564DB067}.Debug|Any CPU.ActiveCfg = Debug|Any CPU
		{8C6AF32A-3692-43B3-A907-9395564DB067}.Debug|Any CPU.Build.0 = Debug|Any CPU
		{8C6AF32A-3692-43B3-A907-9395564DB067}.Release|Any CPU.ActiveCfg = Release|Any CPU
		{8C6AF32A-3692-43B3-A907-9395564DB067}.Release|Any CPU.Build.0 = Release|Any CPU
		{8C6AF32A-3692-43B3-A907-9395564DB067}.DebugWin|Any CPU.ActiveCfg = Debug|Any CPU
		{8C6AF32A-3692-43B3-A907-9395564DB067}.DebugWin|Any CPU.Build.0 = Debug|Any CPU
	EndGlobalSection
	GlobalSection(MonoDevelopProperties) = preSolution
		StartupItem = Xmdsp\Xmdsp.csproj
	EndGlobalSection
EndGlobal
